
Microsoft Visual Studio Solution File, Format Version 12.00
# Visual Studio 15
VisualStudioVersion = 15.0.28307.902
MinimumVisualStudioVersion = 10.0.40219.1
Project("{9A19103F-16F7-4668-BE54-9A1E7A4F7556}") = "D3Experiment", "D3Experiment\D3Experiment.csproj", "{9CDE22A0-B0B6-46BA-8A04-387D8B874B2B}"
EndProject
Project("{FAE04EC0-301F-11D3-BF4B-00C04F79EFBC}") = "Media.Images.Core", "Media.Images.Core\Media.Images.Core.csproj", "{C6D47371-1E4C-42C2-9F2B-311BA4933B98}"
EndProject
Global
	GlobalSection(SolutionConfigurationPlatforms) = preSolution
		Debug|Any CPU = Debug|Any CPU
		Release|Any CPU = Release|Any CPU
	EndGlobalSection
	GlobalSection(ProjectConfigurationPlatforms) = postSolution
		{9CDE22A0-B0B6-46BA-8A04-387D8B874B2B}.Debug|Any CPU.ActiveCfg = Debug|Any CPU
		{9CDE22A0-B0B6-46BA-8A04-387D8B874B2B}.Debug|Any CPU.Build.0 = Debug|Any CPU
		{9CDE22A0-B0B6-46BA-8A04-387D8B874B2B}.Release|Any CPU.ActiveCfg = Release|Any CPU
		{9CDE22A0-B0B6-46BA-8A04-387D8B874B2B}.Release|Any CPU.Build.0 = Release|Any CPU
		{C6D47371-1E4C-42C2-9F2B-311BA4933B98}.Debug|Any CPU.ActiveCfg = Debug|Any CPU
		{C6D47371-1E4C-42C2-9F2B-311BA4933B98}.Debug|Any CPU.Build.0 = Debug|Any CPU
		{C6D47371-1E4C-42C2-9F2B-311BA4933B98}.Release|Any CPU.ActiveCfg = Release|Any CPU
		{C6D47371-1E4C-42C2-9F2B-311BA4933B98}.Release|Any CPU.Build.0 = Release|Any CPU
	EndGlobalSection
	GlobalSection(SolutionProperties) = preSolution
		HideSolutionNode = FALSE
	EndGlobalSection
	GlobalSection(ExtensibilityGlobals) = postSolution
		SolutionGuid = {65C73F53-E701-4F3D-8D55-79C11E871514}
	EndGlobalSection
EndGlobal
